<Solution Description="Visual Studio slnx file generated by Premake" Version="1.4">
  <Configurations>
    <BuildType Name="Release" />
    <Platform Name="x64" />
  </Configurations>
  <Project Path="Client\FermiumClient.vcxproj" Id="B91298B8-25D3-13EF-EE0D-5D6C5A8D58CB">
  </Project>
  <Project Path="Server\FermiumServer.vcxproj" Id="D12771DD-3DE8-EC13-0623-369172A231F0">
  </Project>
</Solution>