<?xml version="1.0" encoding="utf-8"?>
<Project ToolsVersion="4.0" xmlns="http://schemas.microsoft.com/developer/msbuild/2003">
  <ItemGroup>
    <Filter Include="..">
      <UniqueIdentifier>{61705900-4DFC-870B-B6AA-880BA255880B}</UniqueIdentifier>
    </Filter>
    <Filter Include="..\SDK">
      <UniqueIdentifier>{D2E88776-BE8A-B24C-A745-C6A09386399D}</UniqueIdentifier>
    </Filter>
    <Filter Include="..\SDK\Fortnite">
      <UniqueIdentifier>{4C934E12-B81E-BCD6-C12F-3FCB2D3A18D7}</UniqueIdentifier>
    </Filter>
    <Filter Include="..\SDK\Unreal">
      <UniqueIdentifier>{A8F2D15F-14B3-4D96-DDED-9613496D9272}</UniqueIdentifier>
    </Filter>
    <Filter Include="..\minhook">
      <UniqueIdentifier>{A5548101-910C-C34E-FA13-9CAAE6EA5D3F}</UniqueIdentifier>
    </Filter>
    <Filter Include="..\minhook\src">
      <UniqueIdentifier>{3CDDD0D5-28AB-C4DB-113F-3502FDABA040}</UniqueIdentifier>
    </Filter>
    <Filter Include="..\minhook\src\hde">
      <UniqueIdentifier>{BCA850E1-A88C-1137-11ED-0B8AFDEFFBB8}</UniqueIdentifier>
    </Filter>
  </ItemGroup>
  <ItemGroup>
    <ClInclude Include="..\SDK\Fortnite\BuildingActor.hpp">
      <Filter>..\SDK\Fortnite</Filter>
    </ClInclude>
    <ClInclude Include="..\SDK\Fortnite\BuildingClassData.hpp">
      <Filter>..\SDK\Fortnite</Filter>
    </ClInclude>
    <ClInclude Include="..\SDK\Fortnite\Cattus.hpp">
      <Filter>..\SDK\Fortnite</Filter>
    </ClInclude>
    <ClInclude Include="..\SDK\Fortnite\Cube.hpp">
      <Filter>..\SDK\Fortnite</Filter>
    </ClInclude>
    <ClInclude Include="..\SDK\Fortnite\Curie.hpp">
      <Filter>..\SDK\Fortnite</Filter>
    </ClInclude>
    <ClInclude Include="..\SDK\Fortnite\Festivus.hpp">
      <Filter>..\SDK\Fortnite</Filter>
    </ClInclude>
    <ClInclude Include="..\SDK\Fortnite\FortAbilitySet.hpp">
      <Filter>..\SDK\Fortnite</Filter>
    </ClInclude>
    <ClInclude Include="..\SDK\Fortnite\FortAssetManager.hpp">
      <Filter>..\SDK\Fortnite</Filter>
    </ClInclude>
    <ClInclude Include="..\SDK\Fortnite\FortGameMode.hpp">
      <Filter>..\SDK\Fortnite</Filter>
    </ClInclude>
    <ClInclude Include="..\SDK\Fortnite\FortGameState.hpp">
      <Filter>..\SDK\Fortnite</Filter>
    </ClInclude>
    <ClInclude Include="..\SDK\Fortnite\FortInventory.hpp">
      <Filter>..\SDK\Fortnite</Filter>
    </ClInclude>
    <ClInclude Include="..\SDK\Fortnite\FortItemDefinition.hpp">
      <Filter>..\SDK\Fortnite</Filter>
    </ClInclude>
    <ClInclude Include="..\SDK\Fortnite\FortKismetLibrary.hpp">
      <Filter>..\SDK\Fortnite</Filter>
    </ClInclude>
    <ClInclude Include="..\SDK\Fortnite\FortPawn.hpp">
      <Filter>..\SDK\Fortnite</Filter>
    </ClInclude>
    <ClInclude Include="..\SDK\Fortnite\FortPickup.hpp">
      <Filter>..\SDK\Fortnite</Filter>
    </ClInclude>
    <ClInclude Include="..\SDK\Fortnite\FortPlayerController.hpp">
      <Filter>..\SDK\Fortnite</Filter>
    </ClInclude>
    <ClInclude Include="..\SDK\Fortnite\FortPlayerState.hpp">
      <Filter>..\SDK\Fortnite</Filter>
    </ClInclude>
    <ClInclude Include="..\SDK\Fortnite\FortPlaylist.hpp">
      <Filter>..\SDK\Fortnite</Filter>
    </ClInclude>
    <ClInclude Include="..\SDK\Fortnite\FortTeam.hpp">
      <Filter>..\SDK\Fortnite</Filter>
    </ClInclude>
    <ClInclude Include="..\SDK\Fortnite\FortVehicles.hpp">
      <Filter>..\SDK\Fortnite</Filter>
    </ClInclude>
    <ClInclude Include="..\SDK\Fortnite\FortWeaponStats.hpp">
      <Filter>..\SDK\Fortnite</Filter>
    </ClInclude>
    <ClInclude Include="..\SDK\Fortnite\MapInfo.hpp">
      <Filter>..\SDK\Fortnite</Filter>
    </ClInclude>
    <ClInclude Include="..\SDK\Fortnite\PlaylistPropertyArray.hpp">
      <Filter>..\SDK\Fortnite</Filter>
    </ClInclude>
    <ClInclude Include="..\SDK\Fortnite\Rocket.hpp">
      <Filter>..\SDK\Fortnite</Filter>
    </ClInclude>
    <ClInclude Include="..\SDK\Fortnite\SafeZoneIndicator.hpp">
      <Filter>..\SDK\Fortnite</Filter>
    </ClInclude>
    <ClInclude Include="..\SDK\Fortnite\Snow.hpp">
      <Filter>..\SDK\Fortnite</Filter>
    </ClInclude>
    <ClInclude Include="..\SDK\Hook.hpp">
      <Filter>..\SDK</Filter>
    </ClInclude>
    <ClInclude Include="..\SDK\Macros.hpp">
      <Filter>..\SDK</Filter>
    </ClInclude>
    <ClInclude Include="..\SDK\Memcury.hpp">
      <Filter>..\SDK</Filter>
    </ClInclude>
    <ClInclude Include="..\SDK\SDK.hpp">
      <Filter>..\SDK</Filter>
    </ClInclude>
    <ClInclude Include="..\SDK\ScriptWriter.hpp">
      <Filter>..\SDK</Filter>
    </ClInclude>
    <ClInclude Include="..\SDK\Unreal\AbilitySystemComponent.hpp">
      <Filter>..\SDK\Unreal</Filter>
    </ClInclude>
    <ClInclude Include="..\SDK\Unreal\Actor.hpp">
      <Filter>..\SDK\Unreal</Filter>
    </ClInclude>
    <ClInclude Include="..\SDK\Unreal\ActorComponent.hpp">
      <Filter>..\SDK\Unreal</Filter>
    </ClInclude>
    <ClInclude Include="..\SDK\Unreal\Beacon.hpp">
      <Filter>..\SDK\Unreal</Filter>
    </ClInclude>
    <ClInclude Include="..\SDK\Unreal\Class.hpp">
      <Filter>..\SDK\Unreal</Filter>
    </ClInclude>
    <ClInclude Include="..\SDK\Unreal\Controller.hpp">
      <Filter>..\SDK\Unreal</Filter>
    </ClInclude>
    <ClInclude Include="..\SDK\Unreal\CurveTable.hpp">
      <Filter>..\SDK\Unreal</Filter>
    </ClInclude>
    <ClInclude Include="..\SDK\Unreal\DataTable.hpp">
      <Filter>..\SDK\Unreal</Filter>
    </ClInclude>
    <ClInclude Include="..\SDK\Unreal\Delegate.hpp">
      <Filter>..\SDK\Unreal</Filter>
    </ClInclude>
    <ClInclude Include="..\SDK\Unreal\Engine.hpp">
      <Filter>..\SDK\Unreal</Filter>
    </ClInclude>
    <ClInclude Include="..\SDK\Unreal\Enum.hpp">
      <Filter>..\SDK\Unreal</Filter>
    </ClInclude>
    <ClInclude Include="..\SDK\Unreal\FastArraySerializer.hpp">
      <Filter>..\SDK\Unreal</Filter>
    </ClInclude>
    <ClInclude Include="..\SDK\Unreal\Field.hpp">
      <Filter>..\SDK\Unreal</Filter>
    </ClInclude>
    <ClInclude Include="..\SDK\Unreal\Flags.hpp">
      <Filter>..\SDK\Unreal</Filter>
    </ClInclude>
    <ClInclude Include="..\SDK\Unreal\Frame.hpp">
      <Filter>..\SDK\Unreal</Filter>
    </ClInclude>
    <ClInclude Include="..\SDK\Unreal\Function.hpp">
      <Filter>..\SDK\Unreal</Filter>
    </ClInclude>
    <ClInclude Include="..\SDK\Unreal\GameFeatures.hpp">
      <Filter>..\SDK\Unreal</Filter>
    </ClInclude>
    <ClInclude Include="..\SDK\Unreal\GameInstance.hpp">
      <Filter>..\SDK\Unreal</Filter>
    </ClInclude>
    <ClInclude Include="..\SDK\Unreal\GameMode.hpp">
      <Filter>..\SDK\Unreal</Filter>
    </ClInclude>
    <ClInclude Include="..\SDK\Unreal\GameSession.hpp">
      <Filter>..\SDK\Unreal</Filter>
    </ClInclude>
    <ClInclude Include="..\SDK\Unreal\GameState.hpp">
      <Filter>..\SDK\Unreal</Filter>
    </ClInclude>
    <ClInclude Include="..\SDK\Unreal\GameViewportClient.hpp">
      <Filter>..\SDK\Unreal</Filter>
    </ClInclude>
    <ClInclude Include="..\SDK\Unreal\GameplayAbilitySpec.hpp">
      <Filter>..\SDK\Unreal</Filter>
    </ClInclude>
    <ClInclude Include="..\SDK\Unreal\GameplayEffect.hpp">
      <Filter>..\SDK\Unreal</Filter>
    </ClInclude>
    <ClInclude Include="..\SDK\Unreal\GameplayStatics.hpp">
      <Filter>..\SDK\Unreal</Filter>
    </ClInclude>
    <ClInclude Include="..\SDK\Unreal\GameplayTags.hpp">
      <Filter>..\SDK\Unreal</Filter>
    </ClInclude>
    <ClInclude Include="..\SDK\Unreal\Info.hpp">
      <Filter>..\SDK\Unreal</Filter>
    </ClInclude>
    <ClInclude Include="..\SDK\Unreal\KismetMathLibrary.hpp">
      <Filter>..\SDK\Unreal</Filter>
    </ClInclude>
    <ClInclude Include="..\SDK\Unreal\KismetStringLibrary.hpp">
      <Filter>..\SDK\Unreal</Filter>
    </ClInclude>
    <ClInclude Include="..\SDK\Unreal\KismetSystemLibrary.hpp">
      <Filter>..\SDK\Unreal</Filter>
    </ClInclude>
    <ClInclude Include="..\SDK\Unreal\LevelCollection.hpp">
      <Filter>..\SDK\Unreal</Filter>
    </ClInclude>
    <ClInclude Include="..\SDK\Unreal\MathStructs.hpp">
      <Filter>..\SDK\Unreal</Filter>
    </ClInclude>
    <ClInclude Include="..\SDK\Unreal\Name.hpp">
      <Filter>..\SDK\Unreal</Filter>
    </ClInclude>
    <ClInclude Include="..\SDK\Unreal\NetDriver.hpp">
      <Filter>..\SDK\Unreal</Filter>
    </ClInclude>
    <ClInclude Include="..\SDK\Unreal\Object.hpp">
      <Filter>..\SDK\Unreal</Filter>
    </ClInclude>
    <ClInclude Include="..\SDK\Unreal\ObjectArray.hpp">
      <Filter>..\SDK\Unreal</Filter>
    </ClInclude>
    <ClInclude Include="..\SDK\Unreal\Pawn.hpp">
      <Filter>..\SDK\Unreal</Filter>
    </ClInclude>
    <ClInclude Include="..\SDK\Unreal\Player.hpp">
      <Filter>..\SDK\Unreal</Filter>
    </ClInclude>
    <ClInclude Include="..\SDK\Unreal\PlayerController.hpp">
      <Filter>..\SDK\Unreal</Filter>
    </ClInclude>
    <ClInclude Include="..\SDK\Unreal\PlayerState.hpp">
      <Filter>..\SDK\Unreal</Filter>
    </ClInclude>
    <ClInclude Include="..\SDK\Unreal\Property.hpp">
      <Filter>..\SDK\Unreal</Filter>
    </ClInclude>
    <ClInclude Include="..\SDK\Unreal\PtrTypes.hpp">
      <Filter>..\SDK\Unreal</Filter>
    </ClInclude>
    <ClInclude Include="..\SDK\Unreal\ReplicationDriver.hpp">
      <Filter>..\SDK\Unreal</Filter>
    </ClInclude>
    <ClInclude Include="..\SDK\Unreal\ScalableFloat.hpp">
      <Filter>..\SDK\Unreal</Filter>
    </ClInclude>
    <ClInclude Include="..\SDK\Unreal\Struct.hpp">
      <Filter>..\SDK\Unreal</Filter>
    </ClInclude>
    <ClInclude Include="..\SDK\Unreal\Url.hpp">
      <Filter>..\SDK\Unreal</Filter>
    </ClInclude>
    <ClInclude Include="..\SDK\Unreal\World.hpp">
      <Filter>..\SDK\Unreal</Filter>
    </ClInclude>
    <ClInclude Include="..\SDK\UnrealContainers.hpp">
      <Filter>..\SDK</Filter>
    </ClInclude>
    <ClInclude Include="Abilities.hpp" />
    <ClInclude Include="Building.hpp" />
    <ClInclude Include="Events.hpp" />
    <ClInclude Include="GameFeatures.hpp" />
    <ClInclude Include="GameMode.hpp" />
    <ClInclude Include="Inventory.hpp" />
    <ClInclude Include="Loot.hpp" />
    <ClInclude Include="Player.hpp" />
    <ClInclude Include="Vehicles.hpp" />
  </ItemGroup>
  <ItemGroup>
    <ClCompile Include="..\SDK\Fortnite\FortInventory.cpp">
      <Filter>..\SDK\Fortnite</Filter>
    </ClCompile>
    <ClCompile Include="..\SDK\Fortnite\FortPickup.cpp">
      <Filter>..\SDK\Fortnite</Filter>
    </ClCompile>
    <ClCompile Include="..\SDK\Fortnite\FortPlayerState.cpp">
      <Filter>..\SDK\Fortnite</Filter>
    </ClCompile>
    <ClCompile Include="..\SDK\Memcury.cpp">
      <Filter>..\SDK</Filter>
    </ClCompile>
    <ClCompile Include="..\SDK\Unreal\Class.cpp">
      <Filter>..\SDK\Unreal</Filter>
    </ClCompile>
    <ClCompile Include="..\SDK\Unreal\GameplayStatics.cpp">
      <Filter>..\SDK\Unreal</Filter>
    </ClCompile>
    <ClCompile Include="..\SDK\Unreal\KismetSystemLibrary.cpp">
      <Filter>..\SDK\Unreal</Filter>
    </ClCompile>
    <ClCompile Include="..\SDK\Unreal\Name.cpp">
      <Filter>..\SDK\Unreal</Filter>
    </ClCompile>
    <ClCompile Include="..\SDK\Unreal\NetDriver.cpp">
      <Filter>..\SDK\Unreal</Filter>
    </ClCompile>
    <ClCompile Include="..\SDK\Unreal\Object.cpp">
      <Filter>..\SDK\Unreal</Filter>
    </ClCompile>
    <ClCompile Include="..\SDK\Unreal\Struct.cpp">
      <Filter>..\SDK\Unreal</Filter>
    </ClCompile>
    <ClCompile Include="..\SDK\Unreal\World.cpp">
      <Filter>..\SDK\Unreal</Filter>
    </ClCompile>
    <ClCompile Include="..\minhook\src\buffer.c">
      <Filter>..\minhook\src</Filter>
    </ClCompile>
    <ClCompile Include="..\minhook\src\hde\hde32.c">
      <Filter>..\minhook\src\hde</Filter>
    </ClCompile>
    <ClCompile Include="..\minhook\src\hde\hde64.c">
      <Filter>..\minhook\src\hde</Filter>
    </ClCompile>
    <ClCompile Include="..\minhook\src\hook.c">
      <Filter>..\minhook\src</Filter>
    </ClCompile>
    <ClCompile Include="..\minhook\src\trampoline.c">
      <Filter>..\minhook\src</Filter>
    </ClCompile>
    <ClCompile Include="Main.cpp" />
  </ItemGroup>
</Project>